
Microsoft Visual Studio Solution File, Format Version 12.00
# Visual Studio Version 16
VisualStudioVersion = 16.0.32929.386
MinimumVisualStudioVersion = 10.0.40219.1
Project("{9A19103F-16F7-4668-BE54-9A1E7A4F7556}") = "Sinventario", "Sinventario\Sinventario.csproj", "{23EB0CB0-8D50-4EB4-98C5-31AAD09658C2}"
EndProject
Project("{FAE04EC0-301F-11D3-BF4B-00C04F79EFBC}") = "SInventario.AccesoDatos", "SInventario.AccesoDatos\SInventario.AccesoDatos.csproj", "{CFF72893-DBA8-4CC2-86DD-87BF97DCC21F}"
EndProject
Project("{FAE04EC0-301F-11D3-BF4B-00C04F79EFBC}") = "SInventario.Modelos", "SInventario.Modelos\SInventario.Modelos.csproj", "{5BBB0E62-4C85-4A8D-BF2A-7FD68D7E1980}"
EndProject
Project("{FAE04EC0-301F-11D3-BF4B-00C04F79EFBC}") = "SInventario.Utilidades", "SInventario.Utilidades\SInventario.Utilidades.csproj", "{2DAF5A00-2727-47D6-92C7-80BF513BCF2C}"
EndProject
Global
	GlobalSection(SolutionConfigurationPlatforms) = preSolution
		Debug|Any CPU = Debug|Any CPU
		Release|Any CPU = Release|Any CPU
	EndGlobalSection
	GlobalSection(ProjectConfigurationPlatforms) = postSolution
		{23EB0CB0-8D50-4EB4-98C5-31AAD09658C2}.Debug|Any CPU.ActiveCfg = Debug|Any CPU
		{23EB0CB0-8D50-4EB4-98C5-31AAD09658C2}.Debug|Any CPU.Build.0 = Debug|Any CPU
		{23EB0CB0-8D50-4EB4-98C5-31AAD09658C2}.Release|Any CPU.ActiveCfg = Release|Any CPU
		{23EB0CB0-8D50-4EB4-98C5-31AAD09658C2}.Release|Any CPU.Build.0 = Release|Any CPU
		{CFF72893-DBA8-4CC2-86DD-87BF97DCC21F}.Debug|Any CPU.ActiveCfg = Debug|Any CPU
		{CFF72893-DBA8-4CC2-86DD-87BF97DCC21F}.Debug|Any CPU.Build.0 = Debug|Any CPU
		{CFF72893-DBA8-4CC2-86DD-87BF97DCC21F}.Release|Any CPU.ActiveCfg = Release|Any CPU
		{CFF72893-DBA8-4CC2-86DD-87BF97DCC21F}.Release|Any CPU.Build.0 = Release|Any CPU
		{5BBB0E62-4C85-4A8D-BF2A-7FD68D7E1980}.Debug|Any CPU.ActiveCfg = Debug|Any CPU
		{5BBB0E62-4C85-4A8D-BF2A-7FD68D7E1980}.Debug|Any CPU.Build.0 = Debug|Any CPU
		{5BBB0E62-4C85-4A8D-BF2A-7FD68D7E1980}.Release|Any CPU.ActiveCfg = Release|Any CPU
		{5BBB0E62-4C85-4A8D-BF2A-7FD68D7E1980}.Release|Any CPU.Build.0 = Release|Any CPU
		{2DAF5A00-2727-47D6-92C7-80BF513BCF2C}.Debug|Any CPU.ActiveCfg = Debug|Any CPU
		{2DAF5A00-2727-47D6-92C7-80BF513BCF2C}.Debug|Any CPU.Build.0 = Debug|Any CPU
		{2DAF5A00-2727-47D6-92C7-80BF513BCF2C}.Release|Any CPU.ActiveCfg = Release|Any CPU
		{2DAF5A00-2727-47D6-92C7-80BF513BCF2C}.Release|Any CPU.Build.0 = Release|Any CPU
	EndGlobalSection
	GlobalSection(SolutionProperties) = preSolution
		HideSolutionNode = FALSE
	EndGlobalSection
	GlobalSection(ExtensibilityGlobals) = postSolution
		SolutionGuid = {722F20C8-D205-440E-98AA-5FA7DD40CA48}
	EndGlobalSection
EndGlobal
